
Microsoft Visual Studio Solution File, Format Version 12.00
# Visual Studio Version 17
VisualStudioVersion = 17.5.33502.453
MinimumVisualStudioVersion = 10.0.40219.1
Project("{FAE04EC0-301F-11D3-BF4B-00C04F79EFBC}") = "BLL", "BLL\BLL.csproj", "{93FAFE2C-A005-4025-AE13-89F8511BEE25}"
EndProject
Project("{FAE04EC0-301F-11D3-BF4B-00C04F79EFBC}") = "DAL", "DAL\DAL.csproj", "{3150FF32-2A40-426D-96B0-B862DA9CD59D}"
EndProject
Project("{FAE04EC0-301F-11D3-BF4B-00C04F79EFBC}") = "PcBuild", "PcBuild\PcBuild.csproj", "{2A9B59D5-B672-432B-BFE2-554DE0613F01}"
EndProject
Global
	GlobalSection(SolutionConfigurationPlatforms) = preSolution
		Debug|Any CPU = Debug|Any CPU
		Release|Any CPU = Release|Any CPU
	EndGlobalSection
	GlobalSection(ProjectConfigurationPlatforms) = postSolution
		{93FAFE2C-A005-4025-AE13-89F8511BEE25}.Debug|Any CPU.ActiveCfg = Debug|Any CPU
		{93FAFE2C-A005-4025-AE13-89F8511BEE25}.Debug|Any CPU.Build.0 = Debug|Any CPU
		{93FAFE2C-A005-4025-AE13-89F8511BEE25}.Release|Any CPU.ActiveCfg = Release|Any CPU
		{93FAFE2C-A005-4025-AE13-89F8511BEE25}.Release|Any CPU.Build.0 = Release|Any CPU
		{3150FF32-2A40-426D-96B0-B862DA9CD59D}.Debug|Any CPU.ActiveCfg = Debug|Any CPU
		{3150FF32-2A40-426D-96B0-B862DA9CD59D}.Debug|Any CPU.Build.0 = Debug|Any CPU
		{3150FF32-2A40-426D-96B0-B862DA9CD59D}.Release|Any CPU.ActiveCfg = Release|Any CPU
		{3150FF32-2A40-426D-96B0-B862DA9CD59D}.Release|Any CPU.Build.0 = Release|Any CPU
		{2A9B59D5-B672-432B-BFE2-554DE0613F01}.Debug|Any CPU.ActiveCfg = Debug|Any CPU
		{2A9B59D5-B672-432B-BFE2-554DE0613F01}.Debug|Any CPU.Build.0 = Debug|Any CPU
		{2A9B59D5-B672-432B-BFE2-554DE0613F01}.Release|Any CPU.ActiveCfg = Release|Any CPU
		{2A9B59D5-B672-432B-BFE2-554DE0613F01}.Release|Any CPU.Build.0 = Release|Any CPU
	EndGlobalSection
	GlobalSection(SolutionProperties) = preSolution
		HideSolutionNode = FALSE
	EndGlobalSection
	GlobalSection(ExtensibilityGlobals) = postSolution
		SolutionGuid = {9435653D-2470-4803-BEF0-A07CCCFEF3D0}
	EndGlobalSection
EndGlobal
